
Microsoft Visual Studio Solution File, Format Version 12.00
# Visual Studio Version 17
VisualStudioVersion = 17.3.32929.385
MinimumVisualStudioVersion = 10.0.40219.1
Project("{FAE04EC0-301F-11D3-BF4B-00C04F79EFBC}") = "SnakeAndLadder", "SnakeAndLadder\SnakeAndLadder.csproj", "{61475838-C389-4F29-B7E0-85AEE09A6BF1}"
EndProject
Global
	GlobalSection(SolutionConfigurationPlatforms) = preSolution
		Debug|Any CPU = Debug|Any CPU
		Release|Any CPU = Release|Any CPU
	EndGlobalSection
	GlobalSection(ProjectConfigurationPlatforms) = postSolution
		{61475838-C389-4F29-B7E0-85AEE09A6BF1}.Debug|Any CPU.ActiveCfg = Debug|Any CPU
		{61475838-C389-4F29-B7E0-85AEE09A6BF1}.Debug|Any CPU.Build.0 = Debug|Any CPU
		{61475838-C389-4F29-B7E0-85AEE09A6BF1}.Release|Any CPU.ActiveCfg = Release|Any CPU
		{61475838-C389-4F29-B7E0-85AEE09A6BF1}.Release|Any CPU.Build.0 = Release|Any CPU
	EndGlobalSection
	GlobalSection(SolutionProperties) = preSolution
		HideSolutionNode = FALSE
	EndGlobalSection
	GlobalSection(ExtensibilityGlobals) = postSolution
		SolutionGuid = {3A65A6F2-BE22-4EF6-A2A5-376B29BE201D}
	EndGlobalSection
EndGlobal
